
Microsoft Visual Studio Solution File, Format Version 12.00
# Visual Studio Version 17
VisualStudioVersion = 17.11.35327.3
MinimumVisualStudioVersion = 10.0.40219.1
Project("{2150E333-8FDC-42A3-9474-1A3956D46DE8}") = "00 - Build", "00 - Build", "{8A3C0934-929E-4F45-9398-EC1198B21CCB}"
	ProjectSection(SolutionItems) = preProject
		Directory.Build.props = Directory.Build.props
		Directory.Build.targets = Directory.Build.targets
		Directory.Packages.props = Directory.Packages.props
	EndProjectSection
EndProject
Project("{2150E333-8FDC-42A3-9474-1A3956D46DE8}") = "90 - Test", "90 - Test", "{219517EE-98C2-46CC-9F5C-327DB764EABE}"
EndProject
Project("{2150E333-8FDC-42A3-9474-1A3956D46DE8}") = "91 - Cluster", "91 - Cluster", "{DC32D1C9-A88C-4BA0-9D30-3EC860AEEF01}"
EndProject
Project("{2150E333-8FDC-42A3-9474-1A3956D46DE8}") = "80 - Tools", "80 - Tools", "{095F8A7B-24C6-4535-927E-ADCEE8A67650}"
EndProject
Project("{2150E333-8FDC-42A3-9474-1A3956D46DE8}") = "81 - NI2S Build", "81 - NI2S Build", "{B52CFD3F-D489-4D09-AA4E-4C71C5251DF2}"
EndProject
Project("{2150E333-8FDC-42A3-9474-1A3956D46DE8}") = "Node", "Node", "{F913EAE3-EF55-4332-BE88-7B2488939ECA}"
	ProjectSection(SolutionItems) = preProject
		NI2S-Node\Directory.Build.props = NI2S-Node\Directory.Build.props
		NI2S-Node\Directory.Build.targets = NI2S-Node\Directory.Build.targets
		NI2S-Node\Directory.Packages.props = NI2S-Node\Directory.Packages.props
		NI2S-Node\nuget.config = NI2S-Node\nuget.config
	EndProjectSection
EndProject
Project("{2150E333-8FDC-42A3-9474-1A3956D46DE8}") = "Framework", "Framework", "{AA6527A5-8CB6-4B12-8A95-548619ECC4E3}"
	ProjectSection(SolutionItems) = preProject
		src\Framework\Directory.Build.props = src\Framework\Directory.Build.props
		src\Framework\Directory.Build.targets = src\Framework\Directory.Build.targets
	EndProjectSection
EndProject
Project("{2150E333-8FDC-42A3-9474-1A3956D46DE8}") = "src", "src", "{CE647BA5-9444-40EF-902D-35A0CB20C501}"
	ProjectSection(SolutionItems) = preProject
		NI2S-Node\src\Directory.Build.props = NI2S-Node\src\Directory.Build.props
		NI2S-Node\src\Directory.Build.targets = NI2S-Node\src\Directory.Build.targets
	EndProjectSection
EndProject
Project("{9A19103F-16F7-4668-BE54-9A1E7A4F7556}") = "FrameworkAssembliesTasks", "Tools\FrameworkAssembliesTasks\FrameworkAssembliesTasks.csproj", "{E36682EF-80DA-44C9-8594-794FF362FFDE}"
EndProject
Project("{2150E333-8FDC-42A3-9474-1A3956D46DE8}") = "20 - Framework", "20 - Framework", "{AB68B5C8-B19C-482C-B1CB-A5B56690A691}"
EndProject
Project("{2150E333-8FDC-42A3-9474-1A3956D46DE8}") = "10 - Node", "10 - Node", "{5AB55AE4-573F-4354-AC56-726377208AB7}"
EndProject
Project("{2150E333-8FDC-42A3-9474-1A3956D46DE8}") = "src", "src", "{31B52109-8B0B-4811-9B2D-4C20E7DC2C68}"
	ProjectSection(SolutionItems) = preProject
		src\Directory.Build.props = src\Directory.Build.props
		src\Directory.Build.targets = src\Directory.Build.targets
	EndProjectSection
EndProject
Project("{2150E333-8FDC-42A3-9474-1A3956D46DE8}") = "30 - Narrator", "30 - Narrator", "{77C65F37-A0DC-46BF-BAA3-80F78A771CC4}"
EndProject
Project("{2150E333-8FDC-42A3-9474-1A3956D46DE8}") = "40 - Frontline", "40 - Frontline", "{508B3514-BD2E-4A16-A9B8-FE15DCAE97D1}"
EndProject
Project("{FAE04EC0-301F-11D3-BF4B-00C04F79EFBC}") = "ARWNI2S.EmptyNode", "Tools\ARWNI2S.EmptyNode\ARWNI2S.EmptyNode.csproj", "{F9F4B035-1B74-4F4E-B10D-D44627AFCF88}"
EndProject
Project("{2150E333-8FDC-42A3-9474-1A3956D46DE8}") = "50 - Sdk", "50 - Sdk", "{5DB4AAA1-BDB1-4B11-BD21-E4E447C12BB5}"
EndProject
Project("{2150E333-8FDC-42A3-9474-1A3956D46DE8}") = "60 - Developer", "60 - Developer", "{8492258A-AAFF-4ACA-A0E1-BD9A5A1912ED}"
EndProject
Project("{2150E333-8FDC-42A3-9474-1A3956D46DE8}") = "70 - Plugins", "70 - Plugins", "{0D70E2F5-E63D-4AD4-871D-8C65D0A3CEA4}"
EndProject
Project("{FAE04EC0-301F-11D3-BF4B-00C04F79EFBC}") = "ARWNI2S.Build", "src\Sdk\ARWNI2S.Build\ARWNI2S.Build.csproj", "{273F2CEA-62B7-46FF-8B69-00362697261F}"
EndProject
Project("{FAE04EC0-301F-11D3-BF4B-00C04F79EFBC}") = "ARWNI2S.Plugin.Galaxies", "Plugins\ARWNI2S.Plugin.Galaxies\ARWNI2S.Plugin.Galaxies.csproj", "{3010A026-AC14-4D12-82DA-0487B921EBF1}"
EndProject
Project("{FAE04EC0-301F-11D3-BF4B-00C04F79EFBC}") = "ARWNI2S.Plugin.Multiverse", "Plugins\ARWNI2S.Plugin.Multiverse\ARWNI2S.Plugin.Multiverse.csproj", "{75D598D1-D48B-4A85-B0EE-71A0D3B74CF9}"
EndProject
Project("{FAE04EC0-301F-11D3-BF4B-00C04F79EFBC}") = "ARWNI2S.CodeGenerator", "src\Sdk\ARWNI2S.CodeGenerator\ARWNI2S.CodeGenerator.csproj", "{BDCCFE6A-D08E-49E7-BBB9-2E55DE5B1158}"
EndProject
Project("{FAE04EC0-301F-11D3-BF4B-00C04F79EFBC}") = "ARWNI2S.Node", "NI2S-Node\src\ARWNI2S.Node\ARWNI2S.Node.csproj", "{E8BA1FB4-E55E-4897-8415-F2DE34F0DC31}"
EndProject
Project("{FAE04EC0-301F-11D3-BF4B-00C04F79EFBC}") = "ARWNI2S.GameProj", "src\Sdk\ARWNI2S.GameProj\ARWNI2S.GameProj.csproj", "{9C640B4F-DAB8-4C2A-B264-D001FF300C2E}"
EndProject
Project("{2150E333-8FDC-42A3-9474-1A3956D46DE8}") = "90 - Editor", "90 - Editor", "{273B9F1D-E959-487F-BE3F-70502A8BE4F3}"
EndProject
Project("{FAE04EC0-301F-11D3-BF4B-00C04F79EFBC}") = "ARWNI2S.Engine.Abstractions", "NI2S-Node\src\ARWNI2S.Engine.Abstractions\ARWNI2S.Engine.Abstractions.csproj", "{307A198A-21E1-4B51-A480-D0EE154BDCB6}"
EndProject
Project("{FAE04EC0-301F-11D3-BF4B-00C04F79EFBC}") = "ARWNI2S.Engine", "NI2S-Node\src\ARWNI2S.Engine\ARWNI2S.Engine.csproj", "{12FFE799-6EC0-4A7A-B157-22D387B2B0DE}"
EndProject
Project("{FAE04EC0-301F-11D3-BF4B-00C04F79EFBC}") = "ARWNI2S.Narrator.Framework", "src\Narrator\ARWNI2S.Narrator.Framework\ARWNI2S.Narrator.Framework.csproj", "{F3B82B1A-4A57-427C-896F-EBBCB81A1214}"
EndProject
Project("{FAE04EC0-301F-11D3-BF4B-00C04F79EFBC}") = "ARWNI2S.Narrator", "src\Narrator\ARWNI2S.Narrator\ARWNI2S.Narrator.csproj", "{3B74EF18-5F9D-4A60-B580-5DCE76489677}"
EndProject
Project("{FAE04EC0-301F-11D3-BF4B-00C04F79EFBC}") = "ARWNI2S.Frontline", "src\Frontline\ARWNI2S.Frontline\ARWNI2S.Frontline.csproj", "{2AB26317-7898-40A1-92CB-451673D71166}"
EndProject
Project("{FAE04EC0-301F-11D3-BF4B-00C04F79EFBC}") = "ARWNI2S.Frontline.Framework", "src\Frontline\ARWNI2S.Frontline.Framework\ARWNI2S.Frontline.Framework.csproj", "{B5343209-9413-4C80-AAFC-2EA47D501051}"
EndProject
Project("{FAE04EC0-301F-11D3-BF4B-00C04F79EFBC}") = "ARWNI2S.Sdk", "src\Sdk\ARWNI2S.Sdk\ARWNI2S.Sdk.csproj", "{7DC923A7-6899-4B56-9811-7981525923CB}"
EndProject
Project("{FAE04EC0-301F-11D3-BF4B-00C04F79EFBC}") = "ARWNI2S.Framework", "src\ARWNI2S.Framework\ARWNI2S.Framework.csproj", "{DC0C2993-F8A6-48B5-8C9A-DB5A4A9FFF25}"
EndProject
Project("{2150E333-8FDC-42A3-9474-1A3956D46DE8}") = "11 - Core Modules", "11 - Core Modules", "{7D22E08F-303A-4E29-8DD9-061081AE2D11}"
EndProject
Project("{FAE04EC0-301F-11D3-BF4B-00C04F79EFBC}") = "ARWNI2S.Engine.Data", "NI2S-Node\src\ARWNI2S.Engine.Data\ARWNI2S.Engine.Data.csproj", "{161D77A9-29D7-493F-B594-C7FDFC0C0472}"
EndProject
Project("{FAE04EC0-301F-11D3-BF4B-00C04F79EFBC}") = "ARWNI2S.Engine.Core", "NI2S-Node\src\ARWNI2S.Engine.Core\ARWNI2S.Engine.Core.csproj", "{ABE1E4E6-E55F-47A2-806C-2A1A52E66B5A}"
EndProject
Project("{FAE04EC0-301F-11D3-BF4B-00C04F79EFBC}") = "ARWNI2S.Engine.Orleans", "NI2S-Node\src\ARWNI2S.Engine.Orleans\ARWNI2S.Engine.Orleans.csproj", "{3B4EE0B3-31B6-4644-BF6E-40CE99ECE0AD}"
EndProject
Project("{FAE04EC0-301F-11D3-BF4B-00C04F79EFBC}") = "ARWNI2S.Engine.Scenes", "NI2S-Node\src\ARWNI2S.Engine.Scenes\ARWNI2S.Engine.Scenes.csproj", "{EA4B26DA-6E46-4F18-87E3-DB3EF52713E0}"
EndProject
Global
	GlobalSection(SolutionConfigurationPlatforms) = preSolution
		Debug|Any CPU = Debug|Any CPU
		Release|Any CPU = Release|Any CPU
	EndGlobalSection
	GlobalSection(ProjectConfigurationPlatforms) = postSolution
		{E36682EF-80DA-44C9-8594-794FF362FFDE}.Debug|Any CPU.ActiveCfg = Debug|Any CPU
		{E36682EF-80DA-44C9-8594-794FF362FFDE}.Release|Any CPU.ActiveCfg = Release|Any CPU
		{F9F4B035-1B74-4F4E-B10D-D44627AFCF88}.Debug|Any CPU.ActiveCfg = Debug|Any CPU
		{F9F4B035-1B74-4F4E-B10D-D44627AFCF88}.Release|Any CPU.ActiveCfg = Release|Any CPU
		{273F2CEA-62B7-46FF-8B69-00362697261F}.Debug|Any CPU.ActiveCfg = Debug|Any CPU
		{273F2CEA-62B7-46FF-8B69-00362697261F}.Debug|Any CPU.Build.0 = Debug|Any CPU
		{273F2CEA-62B7-46FF-8B69-00362697261F}.Release|Any CPU.ActiveCfg = Release|Any CPU
		{273F2CEA-62B7-46FF-8B69-00362697261F}.Release|Any CPU.Build.0 = Release|Any CPU
		{3010A026-AC14-4D12-82DA-0487B921EBF1}.Debug|Any CPU.ActiveCfg = Debug|Any CPU
		{3010A026-AC14-4D12-82DA-0487B921EBF1}.Debug|Any CPU.Build.0 = Debug|Any CPU
		{3010A026-AC14-4D12-82DA-0487B921EBF1}.Release|Any CPU.ActiveCfg = Release|Any CPU
		{3010A026-AC14-4D12-82DA-0487B921EBF1}.Release|Any CPU.Build.0 = Release|Any CPU
		{75D598D1-D48B-4A85-B0EE-71A0D3B74CF9}.Debug|Any CPU.ActiveCfg = Debug|Any CPU
		{75D598D1-D48B-4A85-B0EE-71A0D3B74CF9}.Debug|Any CPU.Build.0 = Debug|Any CPU
		{75D598D1-D48B-4A85-B0EE-71A0D3B74CF9}.Release|Any CPU.ActiveCfg = Release|Any CPU
		{75D598D1-D48B-4A85-B0EE-71A0D3B74CF9}.Release|Any CPU.Build.0 = Release|Any CPU
		{BDCCFE6A-D08E-49E7-BBB9-2E55DE5B1158}.Debug|Any CPU.ActiveCfg = Debug|Any CPU
		{BDCCFE6A-D08E-49E7-BBB9-2E55DE5B1158}.Debug|Any CPU.Build.0 = Debug|Any CPU
		{BDCCFE6A-D08E-49E7-BBB9-2E55DE5B1158}.Release|Any CPU.ActiveCfg = Release|Any CPU
		{BDCCFE6A-D08E-49E7-BBB9-2E55DE5B1158}.Release|Any CPU.Build.0 = Release|Any CPU
		{E8BA1FB4-E55E-4897-8415-F2DE34F0DC31}.Debug|Any CPU.ActiveCfg = Debug|Any CPU
		{E8BA1FB4-E55E-4897-8415-F2DE34F0DC31}.Debug|Any CPU.Build.0 = Debug|Any CPU
		{E8BA1FB4-E55E-4897-8415-F2DE34F0DC31}.Release|Any CPU.ActiveCfg = Release|Any CPU
		{E8BA1FB4-E55E-4897-8415-F2DE34F0DC31}.Release|Any CPU.Build.0 = Release|Any CPU
		{9C640B4F-DAB8-4C2A-B264-D001FF300C2E}.Debug|Any CPU.ActiveCfg = Debug|Any CPU
		{9C640B4F-DAB8-4C2A-B264-D001FF300C2E}.Debug|Any CPU.Build.0 = Debug|Any CPU
		{9C640B4F-DAB8-4C2A-B264-D001FF300C2E}.Release|Any CPU.ActiveCfg = Release|Any CPU
		{9C640B4F-DAB8-4C2A-B264-D001FF300C2E}.Release|Any CPU.Build.0 = Release|Any CPU
		{307A198A-21E1-4B51-A480-D0EE154BDCB6}.Debug|Any CPU.ActiveCfg = Debug|Any CPU
		{307A198A-21E1-4B51-A480-D0EE154BDCB6}.Debug|Any CPU.Build.0 = Debug|Any CPU
		{307A198A-21E1-4B51-A480-D0EE154BDCB6}.Release|Any CPU.ActiveCfg = Release|Any CPU
		{307A198A-21E1-4B51-A480-D0EE154BDCB6}.Release|Any CPU.Build.0 = Release|Any CPU
		{12FFE799-6EC0-4A7A-B157-22D387B2B0DE}.Debug|Any CPU.ActiveCfg = Debug|Any CPU
		{12FFE799-6EC0-4A7A-B157-22D387B2B0DE}.Debug|Any CPU.Build.0 = Debug|Any CPU
		{12FFE799-6EC0-4A7A-B157-22D387B2B0DE}.Release|Any CPU.ActiveCfg = Release|Any CPU
		{12FFE799-6EC0-4A7A-B157-22D387B2B0DE}.Release|Any CPU.Build.0 = Release|Any CPU
		{F3B82B1A-4A57-427C-896F-EBBCB81A1214}.Debug|Any CPU.ActiveCfg = Debug|Any CPU
		{F3B82B1A-4A57-427C-896F-EBBCB81A1214}.Debug|Any CPU.Build.0 = Debug|Any CPU
		{F3B82B1A-4A57-427C-896F-EBBCB81A1214}.Release|Any CPU.ActiveCfg = Release|Any CPU
		{F3B82B1A-4A57-427C-896F-EBBCB81A1214}.Release|Any CPU.Build.0 = Release|Any CPU
		{3B74EF18-5F9D-4A60-B580-5DCE76489677}.Debug|Any CPU.ActiveCfg = Debug|Any CPU
		{3B74EF18-5F9D-4A60-B580-5DCE76489677}.Debug|Any CPU.Build.0 = Debug|Any CPU
		{3B74EF18-5F9D-4A60-B580-5DCE76489677}.Release|Any CPU.ActiveCfg = Release|Any CPU
		{3B74EF18-5F9D-4A60-B580-5DCE76489677}.Release|Any CPU.Build.0 = Release|Any CPU
		{2AB26317-7898-40A1-92CB-451673D71166}.Debug|Any CPU.ActiveCfg = Debug|Any CPU
		{2AB26317-7898-40A1-92CB-451673D71166}.Debug|Any CPU.Build.0 = Debug|Any CPU
		{2AB26317-7898-40A1-92CB-451673D71166}.Release|Any CPU.ActiveCfg = Release|Any CPU
		{2AB26317-7898-40A1-92CB-451673D71166}.Release|Any CPU.Build.0 = Release|Any CPU
		{B5343209-9413-4C80-AAFC-2EA47D501051}.Debug|Any CPU.ActiveCfg = Debug|Any CPU
		{B5343209-9413-4C80-AAFC-2EA47D501051}.Debug|Any CPU.Build.0 = Debug|Any CPU
		{B5343209-9413-4C80-AAFC-2EA47D501051}.Release|Any CPU.ActiveCfg = Release|Any CPU
		{B5343209-9413-4C80-AAFC-2EA47D501051}.Release|Any CPU.Build.0 = Release|Any CPU
		{7DC923A7-6899-4B56-9811-7981525923CB}.Debug|Any CPU.ActiveCfg = Debug|Any CPU
		{7DC923A7-6899-4B56-9811-7981525923CB}.Debug|Any CPU.Build.0 = Debug|Any CPU
		{7DC923A7-6899-4B56-9811-7981525923CB}.Release|Any CPU.ActiveCfg = Release|Any CPU
		{7DC923A7-6899-4B56-9811-7981525923CB}.Release|Any CPU.Build.0 = Release|Any CPU
		{DC0C2993-F8A6-48B5-8C9A-DB5A4A9FFF25}.Debug|Any CPU.ActiveCfg = Debug|Any CPU
		{DC0C2993-F8A6-48B5-8C9A-DB5A4A9FFF25}.Debug|Any CPU.Build.0 = Debug|Any CPU
		{DC0C2993-F8A6-48B5-8C9A-DB5A4A9FFF25}.Release|Any CPU.ActiveCfg = Release|Any CPU
		{DC0C2993-F8A6-48B5-8C9A-DB5A4A9FFF25}.Release|Any CPU.Build.0 = Release|Any CPU
		{161D77A9-29D7-493F-B594-C7FDFC0C0472}.Debug|Any CPU.ActiveCfg = Debug|Any CPU
		{161D77A9-29D7-493F-B594-C7FDFC0C0472}.Debug|Any CPU.Build.0 = Debug|Any CPU
		{161D77A9-29D7-493F-B594-C7FDFC0C0472}.Release|Any CPU.ActiveCfg = Release|Any CPU
		{161D77A9-29D7-493F-B594-C7FDFC0C0472}.Release|Any CPU.Build.0 = Release|Any CPU
		{ABE1E4E6-E55F-47A2-806C-2A1A52E66B5A}.Debug|Any CPU.ActiveCfg = Debug|Any CPU
		{ABE1E4E6-E55F-47A2-806C-2A1A52E66B5A}.Debug|Any CPU.Build.0 = Debug|Any CPU
		{ABE1E4E6-E55F-47A2-806C-2A1A52E66B5A}.Release|Any CPU.ActiveCfg = Release|Any CPU
		{ABE1E4E6-E55F-47A2-806C-2A1A52E66B5A}.Release|Any CPU.Build.0 = Release|Any CPU
		{3B4EE0B3-31B6-4644-BF6E-40CE99ECE0AD}.Debug|Any CPU.ActiveCfg = Debug|Any CPU
		{3B4EE0B3-31B6-4644-BF6E-40CE99ECE0AD}.Debug|Any CPU.Build.0 = Debug|Any CPU
		{3B4EE0B3-31B6-4644-BF6E-40CE99ECE0AD}.Release|Any CPU.ActiveCfg = Release|Any CPU
		{3B4EE0B3-31B6-4644-BF6E-40CE99ECE0AD}.Release|Any CPU.Build.0 = Release|Any CPU
		{EA4B26DA-6E46-4F18-87E3-DB3EF52713E0}.Debug|Any CPU.ActiveCfg = Debug|Any CPU
		{EA4B26DA-6E46-4F18-87E3-DB3EF52713E0}.Debug|Any CPU.Build.0 = Debug|Any CPU
		{EA4B26DA-6E46-4F18-87E3-DB3EF52713E0}.Release|Any CPU.ActiveCfg = Release|Any CPU
		{EA4B26DA-6E46-4F18-87E3-DB3EF52713E0}.Release|Any CPU.Build.0 = Release|Any CPU
	EndGlobalSection
	GlobalSection(SolutionProperties) = preSolution
		HideSolutionNode = FALSE
	EndGlobalSection
	GlobalSection(NestedProjects) = preSolution
		{DC32D1C9-A88C-4BA0-9D30-3EC860AEEF01} = {219517EE-98C2-46CC-9F5C-327DB764EABE}
		{B52CFD3F-D489-4D09-AA4E-4C71C5251DF2} = {095F8A7B-24C6-4535-927E-ADCEE8A67650}
		{F913EAE3-EF55-4332-BE88-7B2488939ECA} = {8A3C0934-929E-4F45-9398-EC1198B21CCB}
		{AA6527A5-8CB6-4B12-8A95-548619ECC4E3} = {31B52109-8B0B-4811-9B2D-4C20E7DC2C68}
		{CE647BA5-9444-40EF-902D-35A0CB20C501} = {F913EAE3-EF55-4332-BE88-7B2488939ECA}
		{E36682EF-80DA-44C9-8594-794FF362FFDE} = {B52CFD3F-D489-4D09-AA4E-4C71C5251DF2}
		{31B52109-8B0B-4811-9B2D-4C20E7DC2C68} = {8A3C0934-929E-4F45-9398-EC1198B21CCB}
		{F9F4B035-1B74-4F4E-B10D-D44627AFCF88} = {095F8A7B-24C6-4535-927E-ADCEE8A67650}
		{273F2CEA-62B7-46FF-8B69-00362697261F} = {8492258A-AAFF-4ACA-A0E1-BD9A5A1912ED}
		{3010A026-AC14-4D12-82DA-0487B921EBF1} = {0D70E2F5-E63D-4AD4-871D-8C65D0A3CEA4}
		{75D598D1-D48B-4A85-B0EE-71A0D3B74CF9} = {0D70E2F5-E63D-4AD4-871D-8C65D0A3CEA4}
		{BDCCFE6A-D08E-49E7-BBB9-2E55DE5B1158} = {8492258A-AAFF-4ACA-A0E1-BD9A5A1912ED}
		{E8BA1FB4-E55E-4897-8415-F2DE34F0DC31} = {5AB55AE4-573F-4354-AC56-726377208AB7}
		{9C640B4F-DAB8-4C2A-B264-D001FF300C2E} = {8492258A-AAFF-4ACA-A0E1-BD9A5A1912ED}
		{307A198A-21E1-4B51-A480-D0EE154BDCB6} = {5AB55AE4-573F-4354-AC56-726377208AB7}
		{12FFE799-6EC0-4A7A-B157-22D387B2B0DE} = {5AB55AE4-573F-4354-AC56-726377208AB7}
		{F3B82B1A-4A57-427C-896F-EBBCB81A1214} = {77C65F37-A0DC-46BF-BAA3-80F78A771CC4}
		{3B74EF18-5F9D-4A60-B580-5DCE76489677} = {77C65F37-A0DC-46BF-BAA3-80F78A771CC4}
		{2AB26317-7898-40A1-92CB-451673D71166} = {508B3514-BD2E-4A16-A9B8-FE15DCAE97D1}
		{B5343209-9413-4C80-AAFC-2EA47D501051} = {508B3514-BD2E-4A16-A9B8-FE15DCAE97D1}
		{7DC923A7-6899-4B56-9811-7981525923CB} = {5DB4AAA1-BDB1-4B11-BD21-E4E447C12BB5}
		{DC0C2993-F8A6-48B5-8C9A-DB5A4A9FFF25} = {AB68B5C8-B19C-482C-B1CB-A5B56690A691}
		{7D22E08F-303A-4E29-8DD9-061081AE2D11} = {5AB55AE4-573F-4354-AC56-726377208AB7}
		{161D77A9-29D7-493F-B594-C7FDFC0C0472} = {7D22E08F-303A-4E29-8DD9-061081AE2D11}
		{ABE1E4E6-E55F-47A2-806C-2A1A52E66B5A} = {7D22E08F-303A-4E29-8DD9-061081AE2D11}
		{3B4EE0B3-31B6-4644-BF6E-40CE99ECE0AD} = {7D22E08F-303A-4E29-8DD9-061081AE2D11}
		{EA4B26DA-6E46-4F18-87E3-DB3EF52713E0} = {7D22E08F-303A-4E29-8DD9-061081AE2D11}
	EndGlobalSection
	GlobalSection(ExtensibilityGlobals) = postSolution
		SolutionGuid = {65605281-5AFC-48F1-A1E0-D1648E0CBA35}
	EndGlobalSection
EndGlobal
