
Microsoft Visual Studio Solution File, Format Version 12.00
# Visual Studio Version 17
VisualStudioVersion = 17.11.35327.3
MinimumVisualStudioVersion = 10.0.40219.1
Project("{2150E333-8FDC-42A3-9474-1A3956D46DE8}") = "00 - Build", "00 - Build", "{8A3C0934-929E-4F45-9398-EC1198B21CCB}"
	ProjectSection(SolutionItems) = preProject
		Directory.Build.props = Directory.Build.props
		Directory.Build.targets = Directory.Build.targets
		Directory.Packages.props = Directory.Packages.props
	EndProjectSection
EndProject
Project("{2150E333-8FDC-42A3-9474-1A3956D46DE8}") = "90 - Test", "90 - Test", "{219517EE-98C2-46CC-9F5C-327DB764EABE}"
EndProject
Project("{2150E333-8FDC-42A3-9474-1A3956D46DE8}") = "91 - Cluster", "91 - Cluster", "{DC32D1C9-A88C-4BA0-9D30-3EC860AEEF01}"
EndProject
Project("{2150E333-8FDC-42A3-9474-1A3956D46DE8}") = "80 - Tools", "80 - Tools", "{095F8A7B-24C6-4535-927E-ADCEE8A67650}"
EndProject
Project("{2150E333-8FDC-42A3-9474-1A3956D46DE8}") = "81 - NI2S Build", "81 - NI2S Build", "{B52CFD3F-D489-4D09-AA4E-4C71C5251DF2}"
EndProject
Project("{2150E333-8FDC-42A3-9474-1A3956D46DE8}") = "Node", "Node", "{F913EAE3-EF55-4332-BE88-7B2488939ECA}"
	ProjectSection(SolutionItems) = preProject
		NI2S-Node\Directory.Build.props = NI2S-Node\Directory.Build.props
		NI2S-Node\Directory.Build.targets = NI2S-Node\Directory.Build.targets
		NI2S-Node\Directory.Packages.props = NI2S-Node\Directory.Packages.props
		NI2S-Node\nuget.config = NI2S-Node\nuget.config
	EndProjectSection
EndProject
Project("{2150E333-8FDC-42A3-9474-1A3956D46DE8}") = "src", "src", "{CE647BA5-9444-40EF-902D-35A0CB20C501}"
	ProjectSection(SolutionItems) = preProject
		NI2S-Node\src\Directory.Build.props = NI2S-Node\src\Directory.Build.props
		NI2S-Node\src\Directory.Build.targets = NI2S-Node\src\Directory.Build.targets
	EndProjectSection
EndProject
Project("{9A19103F-16F7-4668-BE54-9A1E7A4F7556}") = "FrameworkAssembliesTasks", "Tools\FrameworkAssembliesTasks\FrameworkAssembliesTasks.csproj", "{E36682EF-80DA-44C9-8594-794FF362FFDE}"
EndProject
Project("{2150E333-8FDC-42A3-9474-1A3956D46DE8}") = "20 - Framework", "20 - Framework", "{AB68B5C8-B19C-482C-B1CB-A5B56690A691}"
EndProject
Project("{2150E333-8FDC-42A3-9474-1A3956D46DE8}") = "10 - Node", "10 - Node", "{5AB55AE4-573F-4354-AC56-726377208AB7}"
EndProject
Project("{2150E333-8FDC-42A3-9474-1A3956D46DE8}") = "src", "src", "{31B52109-8B0B-4811-9B2D-4C20E7DC2C68}"
	ProjectSection(SolutionItems) = preProject
		src\Directory.Build.props = src\Directory.Build.props
		src\Directory.Build.targets = src\Directory.Build.targets
	EndProjectSection
EndProject
Project("{2150E333-8FDC-42A3-9474-1A3956D46DE8}") = "22 - Narrator", "22 - Narrator", "{77C65F37-A0DC-46BF-BAA3-80F78A771CC4}"
EndProject
Project("{2150E333-8FDC-42A3-9474-1A3956D46DE8}") = "23 - Scenic", "23 - Scenic", "{508B3514-BD2E-4A16-A9B8-FE15DCAE97D1}"
EndProject
Project("{2150E333-8FDC-42A3-9474-1A3956D46DE8}") = "30 - Sdk", "30 - Sdk", "{5DB4AAA1-BDB1-4B11-BD21-E4E447C12BB5}"
EndProject
Project("{2150E333-8FDC-42A3-9474-1A3956D46DE8}") = "40 - Developer", "40 - Developer", "{8492258A-AAFF-4ACA-A0E1-BD9A5A1912ED}"
EndProject
Project("{2150E333-8FDC-42A3-9474-1A3956D46DE8}") = "70 - Plugins", "70 - Plugins", "{0D70E2F5-E63D-4AD4-871D-8C65D0A3CEA4}"
EndProject
Project("{2150E333-8FDC-42A3-9474-1A3956D46DE8}") = "90 - Editor", "90 - Editor", "{273B9F1D-E959-487F-BE3F-70502A8BE4F3}"
EndProject
Project("{2150E333-8FDC-42A3-9474-1A3956D46DE8}") = "50 - Backend", "50 - Backend", "{E87D21DD-4351-4EC7-B2DF-65FA37C845E7}"
EndProject
Project("{2150E333-8FDC-42A3-9474-1A3956D46DE8}") = "12 - Runtime", "12 - Runtime", "{B711E84E-785C-45F4-B035-9763BA21A0C8}"
EndProject
Project("{2150E333-8FDC-42A3-9474-1A3956D46DE8}") = "11 - Infrastructure", "11 - Infrastructure", "{05A36A46-31E2-4775-8009-A9CFAF39D1A8}"
EndProject
Project("{FAE04EC0-301F-11D3-BF4B-00C04F79EFBC}") = "ARWNI2S.Abstractions", "NI2S-Node\src\ARWNI2S.Abstractions\ARWNI2S.Abstractions.csproj", "{9500469C-61B5-454E-8AED-29375FD0F134}"
EndProject
Project("{FAE04EC0-301F-11D3-BF4B-00C04F79EFBC}") = "ARWNI2S.Engine.Core", "NI2S-Node\src\ARWNI2S.Engine.Core\ARWNI2S.Engine.Core.csproj", "{B08D2CC8-0677-4563-9A60-3D7A95799F35}"
EndProject
Project("{FAE04EC0-301F-11D3-BF4B-00C04F79EFBC}") = "ARWNI2S.Engine.Data", "NI2S-Node\src\ARWNI2S.Engine.Data\ARWNI2S.Engine.Data.csproj", "{17EC0345-DFDA-4D6E-A959-F2A025E72F61}"
EndProject
Project("{FAE04EC0-301F-11D3-BF4B-00C04F79EFBC}") = "ARWNI2S.Engine.Cluster", "NI2S-Node\src\ARWNI2S.Engine.Cluster\ARWNI2S.Engine.Cluster.csproj", "{8B945072-7B54-4B40-A651-E47DFF4FA13E}"
EndProject
Project("{FAE04EC0-301F-11D3-BF4B-00C04F79EFBC}") = "ARWNI2S.Node.Runtime", "NI2S-Node\src\ARWNI2S.Node.Runtime\ARWNI2S.Node.Runtime.csproj", "{5C209C61-2A49-45F4-8064-A232C835D2B4}"
EndProject
Project("{FAE04EC0-301F-11D3-BF4B-00C04F79EFBC}") = "ARWNI2S.Node", "NI2S-Node\src\ARWNI2S.Node\ARWNI2S.Node.csproj", "{6304FF6C-43CC-46BE-B7C2-129B0CC2E282}"
EndProject
Project("{2150E333-8FDC-42A3-9474-1A3956D46DE8}") = "21 - Core", "21 - Core", "{2249A20F-EA29-4BB8-9E99-62FDAEC4B375}"
EndProject
Project("{FAE04EC0-301F-11D3-BF4B-00C04F79EFBC}") = "ARWNI2S.Framework.Users", "src\Framework\ARWNI2S.Framework.Users\ARWNI2S.Framework.Users.csproj", "{4FF60D8F-F76D-4B16-8C06-7EF8B1E8E22F}"
EndProject
Project("{FAE04EC0-301F-11D3-BF4B-00C04F79EFBC}") = "ARWNI2S.Framework.Core", "src\Framework\ARWNI2S.Framework.Core\ARWNI2S.Framework.Core.csproj", "{485161ED-51CD-4D89-9729-2776D2741C27}"
EndProject
Project("{2150E333-8FDC-42A3-9474-1A3956D46DE8}") = "Framework", "Framework", "{8A71A3A6-5823-494A-9D4D-256FE1D1CB69}"
	ProjectSection(SolutionItems) = preProject
		src\Framework\Directory.Build.props = src\Framework\Directory.Build.props
		src\Framework\Directory.Build.targets = src\Framework\Directory.Build.targets
	EndProjectSection
EndProject
Project("{2150E333-8FDC-42A3-9474-1A3956D46DE8}") = "51 - Connector", "51 - Connector", "{92FBDD05-C782-45E4-97E2-E44C81123D52}"
EndProject
Project("{2150E333-8FDC-42A3-9474-1A3956D46DE8}") = "52 - Editor", "52 - Editor", "{C1B51E0B-C1B5-4133-A00C-5A50CE38FFCE}"
EndProject
Global
	GlobalSection(SolutionConfigurationPlatforms) = preSolution
		Debug|Any CPU = Debug|Any CPU
		Release|Any CPU = Release|Any CPU
	EndGlobalSection
	GlobalSection(ProjectConfigurationPlatforms) = postSolution
		{E36682EF-80DA-44C9-8594-794FF362FFDE}.Debug|Any CPU.ActiveCfg = Debug|Any CPU
		{E36682EF-80DA-44C9-8594-794FF362FFDE}.Release|Any CPU.ActiveCfg = Release|Any CPU
		{9500469C-61B5-454E-8AED-29375FD0F134}.Debug|Any CPU.ActiveCfg = Debug|Any CPU
		{9500469C-61B5-454E-8AED-29375FD0F134}.Debug|Any CPU.Build.0 = Debug|Any CPU
		{9500469C-61B5-454E-8AED-29375FD0F134}.Release|Any CPU.ActiveCfg = Release|Any CPU
		{9500469C-61B5-454E-8AED-29375FD0F134}.Release|Any CPU.Build.0 = Release|Any CPU
		{B08D2CC8-0677-4563-9A60-3D7A95799F35}.Debug|Any CPU.ActiveCfg = Debug|Any CPU
		{B08D2CC8-0677-4563-9A60-3D7A95799F35}.Debug|Any CPU.Build.0 = Debug|Any CPU
		{B08D2CC8-0677-4563-9A60-3D7A95799F35}.Release|Any CPU.ActiveCfg = Release|Any CPU
		{B08D2CC8-0677-4563-9A60-3D7A95799F35}.Release|Any CPU.Build.0 = Release|Any CPU
		{17EC0345-DFDA-4D6E-A959-F2A025E72F61}.Debug|Any CPU.ActiveCfg = Debug|Any CPU
		{17EC0345-DFDA-4D6E-A959-F2A025E72F61}.Debug|Any CPU.Build.0 = Debug|Any CPU
		{17EC0345-DFDA-4D6E-A959-F2A025E72F61}.Release|Any CPU.ActiveCfg = Release|Any CPU
		{17EC0345-DFDA-4D6E-A959-F2A025E72F61}.Release|Any CPU.Build.0 = Release|Any CPU
		{8B945072-7B54-4B40-A651-E47DFF4FA13E}.Debug|Any CPU.ActiveCfg = Debug|Any CPU
		{8B945072-7B54-4B40-A651-E47DFF4FA13E}.Debug|Any CPU.Build.0 = Debug|Any CPU
		{8B945072-7B54-4B40-A651-E47DFF4FA13E}.Release|Any CPU.ActiveCfg = Release|Any CPU
		{8B945072-7B54-4B40-A651-E47DFF4FA13E}.Release|Any CPU.Build.0 = Release|Any CPU
		{5C209C61-2A49-45F4-8064-A232C835D2B4}.Debug|Any CPU.ActiveCfg = Debug|Any CPU
		{5C209C61-2A49-45F4-8064-A232C835D2B4}.Debug|Any CPU.Build.0 = Debug|Any CPU
		{5C209C61-2A49-45F4-8064-A232C835D2B4}.Release|Any CPU.ActiveCfg = Release|Any CPU
		{5C209C61-2A49-45F4-8064-A232C835D2B4}.Release|Any CPU.Build.0 = Release|Any CPU
		{6304FF6C-43CC-46BE-B7C2-129B0CC2E282}.Debug|Any CPU.ActiveCfg = Debug|Any CPU
		{6304FF6C-43CC-46BE-B7C2-129B0CC2E282}.Debug|Any CPU.Build.0 = Debug|Any CPU
		{6304FF6C-43CC-46BE-B7C2-129B0CC2E282}.Release|Any CPU.ActiveCfg = Release|Any CPU
		{6304FF6C-43CC-46BE-B7C2-129B0CC2E282}.Release|Any CPU.Build.0 = Release|Any CPU
		{4FF60D8F-F76D-4B16-8C06-7EF8B1E8E22F}.Debug|Any CPU.ActiveCfg = Debug|Any CPU
		{4FF60D8F-F76D-4B16-8C06-7EF8B1E8E22F}.Debug|Any CPU.Build.0 = Debug|Any CPU
		{4FF60D8F-F76D-4B16-8C06-7EF8B1E8E22F}.Release|Any CPU.ActiveCfg = Release|Any CPU
		{4FF60D8F-F76D-4B16-8C06-7EF8B1E8E22F}.Release|Any CPU.Build.0 = Release|Any CPU
		{485161ED-51CD-4D89-9729-2776D2741C27}.Debug|Any CPU.ActiveCfg = Debug|Any CPU
		{485161ED-51CD-4D89-9729-2776D2741C27}.Debug|Any CPU.Build.0 = Debug|Any CPU
		{485161ED-51CD-4D89-9729-2776D2741C27}.Release|Any CPU.ActiveCfg = Release|Any CPU
		{485161ED-51CD-4D89-9729-2776D2741C27}.Release|Any CPU.Build.0 = Release|Any CPU
	EndGlobalSection
	GlobalSection(SolutionProperties) = preSolution
		HideSolutionNode = FALSE
	EndGlobalSection
	GlobalSection(NestedProjects) = preSolution
		{DC32D1C9-A88C-4BA0-9D30-3EC860AEEF01} = {219517EE-98C2-46CC-9F5C-327DB764EABE}
		{B52CFD3F-D489-4D09-AA4E-4C71C5251DF2} = {095F8A7B-24C6-4535-927E-ADCEE8A67650}
		{F913EAE3-EF55-4332-BE88-7B2488939ECA} = {8A3C0934-929E-4F45-9398-EC1198B21CCB}
		{CE647BA5-9444-40EF-902D-35A0CB20C501} = {F913EAE3-EF55-4332-BE88-7B2488939ECA}
		{E36682EF-80DA-44C9-8594-794FF362FFDE} = {B52CFD3F-D489-4D09-AA4E-4C71C5251DF2}
		{31B52109-8B0B-4811-9B2D-4C20E7DC2C68} = {8A3C0934-929E-4F45-9398-EC1198B21CCB}
		{77C65F37-A0DC-46BF-BAA3-80F78A771CC4} = {AB68B5C8-B19C-482C-B1CB-A5B56690A691}
		{508B3514-BD2E-4A16-A9B8-FE15DCAE97D1} = {AB68B5C8-B19C-482C-B1CB-A5B56690A691}
		{B711E84E-785C-45F4-B035-9763BA21A0C8} = {5AB55AE4-573F-4354-AC56-726377208AB7}
		{05A36A46-31E2-4775-8009-A9CFAF39D1A8} = {5AB55AE4-573F-4354-AC56-726377208AB7}
		{9500469C-61B5-454E-8AED-29375FD0F134} = {05A36A46-31E2-4775-8009-A9CFAF39D1A8}
		{B08D2CC8-0677-4563-9A60-3D7A95799F35} = {05A36A46-31E2-4775-8009-A9CFAF39D1A8}
		{17EC0345-DFDA-4D6E-A959-F2A025E72F61} = {05A36A46-31E2-4775-8009-A9CFAF39D1A8}
		{8B945072-7B54-4B40-A651-E47DFF4FA13E} = {05A36A46-31E2-4775-8009-A9CFAF39D1A8}
		{5C209C61-2A49-45F4-8064-A232C835D2B4} = {B711E84E-785C-45F4-B035-9763BA21A0C8}
		{6304FF6C-43CC-46BE-B7C2-129B0CC2E282} = {B711E84E-785C-45F4-B035-9763BA21A0C8}
		{2249A20F-EA29-4BB8-9E99-62FDAEC4B375} = {AB68B5C8-B19C-482C-B1CB-A5B56690A691}
		{4FF60D8F-F76D-4B16-8C06-7EF8B1E8E22F} = {2249A20F-EA29-4BB8-9E99-62FDAEC4B375}
		{485161ED-51CD-4D89-9729-2776D2741C27} = {2249A20F-EA29-4BB8-9E99-62FDAEC4B375}
		{8A71A3A6-5823-494A-9D4D-256FE1D1CB69} = {31B52109-8B0B-4811-9B2D-4C20E7DC2C68}
		{92FBDD05-C782-45E4-97E2-E44C81123D52} = {E87D21DD-4351-4EC7-B2DF-65FA37C845E7}
		{C1B51E0B-C1B5-4133-A00C-5A50CE38FFCE} = {E87D21DD-4351-4EC7-B2DF-65FA37C845E7}
	EndGlobalSection
	GlobalSection(ExtensibilityGlobals) = postSolution
		SolutionGuid = {65605281-5AFC-48F1-A1E0-D1648E0CBA35}
	EndGlobalSection
EndGlobal
