
Microsoft Visual Studio Solution File, Format Version 12.00
# Visual Studio Version 17
VisualStudioVersion = 17.11.35327.3
MinimumVisualStudioVersion = 10.0.40219.1
Project("{2150E333-8FDC-42A3-9474-1A3956D46DE8}") = "00 - Build", "00 - Build", "{8A3C0934-929E-4F45-9398-EC1198B21CCB}"
	ProjectSection(SolutionItems) = preProject
		Directory.Build.props = Directory.Build.props
		Directory.Build.targets = Directory.Build.targets
		Directory.Packages.props = Directory.Packages.props
	EndProjectSection
EndProject
Project("{2150E333-8FDC-42A3-9474-1A3956D46DE8}") = "90 - Test", "90 - Test", "{219517EE-98C2-46CC-9F5C-327DB764EABE}"
EndProject
Project("{2150E333-8FDC-42A3-9474-1A3956D46DE8}") = "91 - Cluster", "91 - Cluster", "{DC32D1C9-A88C-4BA0-9D30-3EC860AEEF01}"
EndProject
Project("{2150E333-8FDC-42A3-9474-1A3956D46DE8}") = "Frontline", "Frontline", "{352F5846-0D40-47BB-B0BF-3749DFF8D4F8}"
	ProjectSection(SolutionItems) = preProject
		Frontline\Directory.Build.props = Frontline\Directory.Build.props
		Frontline\Directory.Build.targets = Frontline\Directory.Build.targets
	EndProjectSection
EndProject
Project("{2150E333-8FDC-42A3-9474-1A3956D46DE8}") = "Portal", "Portal", "{3F9296C9-3381-429E-90FA-E003B64A5F5E}"
	ProjectSection(SolutionItems) = preProject
		Support\Directory.Build.props = Support\Directory.Build.props
		Support\Directory.Build.targets = Support\Directory.Build.targets
	EndProjectSection
EndProject
Project("{2150E333-8FDC-42A3-9474-1A3956D46DE8}") = "80 - Tools", "80 - Tools", "{095F8A7B-24C6-4535-927E-ADCEE8A67650}"
EndProject
Project("{2150E333-8FDC-42A3-9474-1A3956D46DE8}") = "81 - NI2S Build", "81 - NI2S Build", "{B52CFD3F-D489-4D09-AA4E-4C71C5251DF2}"
EndProject
Project("{2150E333-8FDC-42A3-9474-1A3956D46DE8}") = "Node", "Node", "{F913EAE3-EF55-4332-BE88-7B2488939ECA}"
	ProjectSection(SolutionItems) = preProject
		NI2S-Node\Directory.Build.props = NI2S-Node\Directory.Build.props
		NI2S-Node\Directory.Build.targets = NI2S-Node\Directory.Build.targets
		NI2S-Node\Directory.Packages.props = NI2S-Node\Directory.Packages.props
		NI2S-Node\nuget.config = NI2S-Node\nuget.config
	EndProjectSection
EndProject
Project("{2150E333-8FDC-42A3-9474-1A3956D46DE8}") = "Simulator", "Simulator", "{3178534B-9558-47C5-96F2-4A581C589EA0}"
	ProjectSection(SolutionItems) = preProject
		Cluster\Directory.Build.props = Cluster\Directory.Build.props
		Cluster\Directory.Build.targets = Cluster\Directory.Build.targets
	EndProjectSection
EndProject
Project("{2150E333-8FDC-42A3-9474-1A3956D46DE8}") = "Framework", "Framework", "{AA6527A5-8CB6-4B12-8A95-548619ECC4E3}"
	ProjectSection(SolutionItems) = preProject
		Framework\Directory.Build.props = Framework\Directory.Build.props
		Framework\Directory.Build.targets = Framework\Directory.Build.targets
	EndProjectSection
EndProject
Project("{2150E333-8FDC-42A3-9474-1A3956D46DE8}") = "src", "src", "{CE647BA5-9444-40EF-902D-35A0CB20C501}"
	ProjectSection(SolutionItems) = preProject
		NI2S-Node\src\Directory.Build.props = NI2S-Node\src\Directory.Build.props
		NI2S-Node\src\Directory.Build.targets = NI2S-Node\src\Directory.Build.targets
	EndProjectSection
EndProject
Project("{9A19103F-16F7-4668-BE54-9A1E7A4F7556}") = "FrameworkAssembliesTasks", "Tools\FrameworkAssembliesTasks\FrameworkAssembliesTasks.csproj", "{E36682EF-80DA-44C9-8594-794FF362FFDE}"
EndProject
Project("{2150E333-8FDC-42A3-9474-1A3956D46DE8}") = "Infrastructure", "Infrastructure", "{B701A861-CAE5-405A-8DBB-3E14D14E57C2}"
	ProjectSection(SolutionItems) = preProject
		Infrastructure\Directory.Build.props = Infrastructure\Directory.Build.props
		Infrastructure\Directory.Build.targets = Infrastructure\Directory.Build.targets
		NI2S-Node\src\Infrastructure\InternalsVisibleTo.cs = NI2S-Node\src\Infrastructure\InternalsVisibleTo.cs
	EndProjectSection
EndProject
Project("{2150E333-8FDC-42A3-9474-1A3956D46DE8}") = "20 - Runtime", "20 - Runtime", "{AB68B5C8-B19C-482C-B1CB-A5B56690A691}"
EndProject
Project("{2150E333-8FDC-42A3-9474-1A3956D46DE8}") = "10 - Node", "10 - Node", "{5AB55AE4-573F-4354-AC56-726377208AB7}"
EndProject
Project("{FAE04EC0-301F-11D3-BF4B-00C04F79EFBC}") = "ARWNI2S.Abstractions", "NI2S-Node\src\ARWNI2S.Abstractions\ARWNI2S.Abstractions.csproj", "{C87AFB22-01AE-4FF9-A824-4F9ECDDF8800}"
EndProject
Project("{FAE04EC0-301F-11D3-BF4B-00C04F79EFBC}") = "ARWNI2S.Engine.Core", "NI2S-Node\src\ARWNI2S.Engine.Core\ARWNI2S.Engine.Core.csproj", "{7B77E9B2-62A7-441B-9982-406C10034310}"
EndProject
Project("{FAE04EC0-301F-11D3-BF4B-00C04F79EFBC}") = "ARWNI2S.Engine.Data", "NI2S-Node\src\ARWNI2S.Engine.Data\ARWNI2S.Engine.Data.csproj", "{454258EE-1DD3-4CBD-BBD6-E3844B28E0D5}"
EndProject
Project("{FAE04EC0-301F-11D3-BF4B-00C04F79EFBC}") = "ARWNI2S.Engine.Modules", "NI2S-Node\src\ARWNI2S.Engine.Modules\ARWNI2S.Engine.Modules.csproj", "{B1BA4C30-14F3-40B8-9373-E252CF28E4E9}"
EndProject
Project("{FAE04EC0-301F-11D3-BF4B-00C04F79EFBC}") = "ARWNI2S.Node.Clustering", "NI2S-Node\src\ARWNI2S.Node.Clustering\ARWNI2S.Node.Clustering.csproj", "{4F7E3FA6-342F-4A8C-9FDF-644FECFA221F}"
EndProject
Project("{FAE04EC0-301F-11D3-BF4B-00C04F79EFBC}") = "ARWNI2S.Node.Hosting", "NI2S-Node\src\ARWNI2S.Node.Hosting\ARWNI2S.Node.Hosting.csproj", "{73783F7B-065B-4858-94C4-9B81347D57C9}"
EndProject
Project("{FAE04EC0-301F-11D3-BF4B-00C04F79EFBC}") = "ARWNI2S.Framework", "src\Framework\ARWNI2S.Framework\ARWNI2S.Framework.csproj", "{906E45F6-21E0-45D4-BEF5-FDE6EB86D7B5}"
EndProject
Global
	GlobalSection(SolutionConfigurationPlatforms) = preSolution
		Debug|Any CPU = Debug|Any CPU
		Release|Any CPU = Release|Any CPU
	EndGlobalSection
	GlobalSection(ProjectConfigurationPlatforms) = postSolution
		{E36682EF-80DA-44C9-8594-794FF362FFDE}.Debug|Any CPU.ActiveCfg = Debug|Any CPU
		{E36682EF-80DA-44C9-8594-794FF362FFDE}.Release|Any CPU.ActiveCfg = Release|Any CPU
		{C87AFB22-01AE-4FF9-A824-4F9ECDDF8800}.Debug|Any CPU.ActiveCfg = Debug|Any CPU
		{C87AFB22-01AE-4FF9-A824-4F9ECDDF8800}.Debug|Any CPU.Build.0 = Debug|Any CPU
		{C87AFB22-01AE-4FF9-A824-4F9ECDDF8800}.Release|Any CPU.ActiveCfg = Release|Any CPU
		{C87AFB22-01AE-4FF9-A824-4F9ECDDF8800}.Release|Any CPU.Build.0 = Release|Any CPU
		{7B77E9B2-62A7-441B-9982-406C10034310}.Debug|Any CPU.ActiveCfg = Debug|Any CPU
		{7B77E9B2-62A7-441B-9982-406C10034310}.Debug|Any CPU.Build.0 = Debug|Any CPU
		{7B77E9B2-62A7-441B-9982-406C10034310}.Release|Any CPU.ActiveCfg = Release|Any CPU
		{7B77E9B2-62A7-441B-9982-406C10034310}.Release|Any CPU.Build.0 = Release|Any CPU
		{454258EE-1DD3-4CBD-BBD6-E3844B28E0D5}.Debug|Any CPU.ActiveCfg = Debug|Any CPU
		{454258EE-1DD3-4CBD-BBD6-E3844B28E0D5}.Debug|Any CPU.Build.0 = Debug|Any CPU
		{454258EE-1DD3-4CBD-BBD6-E3844B28E0D5}.Release|Any CPU.ActiveCfg = Release|Any CPU
		{454258EE-1DD3-4CBD-BBD6-E3844B28E0D5}.Release|Any CPU.Build.0 = Release|Any CPU
		{B1BA4C30-14F3-40B8-9373-E252CF28E4E9}.Debug|Any CPU.ActiveCfg = Debug|Any CPU
		{B1BA4C30-14F3-40B8-9373-E252CF28E4E9}.Debug|Any CPU.Build.0 = Debug|Any CPU
		{B1BA4C30-14F3-40B8-9373-E252CF28E4E9}.Release|Any CPU.ActiveCfg = Release|Any CPU
		{B1BA4C30-14F3-40B8-9373-E252CF28E4E9}.Release|Any CPU.Build.0 = Release|Any CPU
		{4F7E3FA6-342F-4A8C-9FDF-644FECFA221F}.Debug|Any CPU.ActiveCfg = Debug|Any CPU
		{4F7E3FA6-342F-4A8C-9FDF-644FECFA221F}.Debug|Any CPU.Build.0 = Debug|Any CPU
		{4F7E3FA6-342F-4A8C-9FDF-644FECFA221F}.Release|Any CPU.ActiveCfg = Release|Any CPU
		{4F7E3FA6-342F-4A8C-9FDF-644FECFA221F}.Release|Any CPU.Build.0 = Release|Any CPU
		{73783F7B-065B-4858-94C4-9B81347D57C9}.Debug|Any CPU.ActiveCfg = Debug|Any CPU
		{73783F7B-065B-4858-94C4-9B81347D57C9}.Debug|Any CPU.Build.0 = Debug|Any CPU
		{73783F7B-065B-4858-94C4-9B81347D57C9}.Release|Any CPU.ActiveCfg = Release|Any CPU
		{73783F7B-065B-4858-94C4-9B81347D57C9}.Release|Any CPU.Build.0 = Release|Any CPU
		{906E45F6-21E0-45D4-BEF5-FDE6EB86D7B5}.Debug|Any CPU.ActiveCfg = Debug|Any CPU
		{906E45F6-21E0-45D4-BEF5-FDE6EB86D7B5}.Debug|Any CPU.Build.0 = Debug|Any CPU
		{906E45F6-21E0-45D4-BEF5-FDE6EB86D7B5}.Release|Any CPU.ActiveCfg = Release|Any CPU
		{906E45F6-21E0-45D4-BEF5-FDE6EB86D7B5}.Release|Any CPU.Build.0 = Release|Any CPU
	EndGlobalSection
	GlobalSection(SolutionProperties) = preSolution
		HideSolutionNode = FALSE
	EndGlobalSection
	GlobalSection(NestedProjects) = preSolution
		{DC32D1C9-A88C-4BA0-9D30-3EC860AEEF01} = {219517EE-98C2-46CC-9F5C-327DB764EABE}
		{352F5846-0D40-47BB-B0BF-3749DFF8D4F8} = {8A3C0934-929E-4F45-9398-EC1198B21CCB}
		{3F9296C9-3381-429E-90FA-E003B64A5F5E} = {8A3C0934-929E-4F45-9398-EC1198B21CCB}
		{B52CFD3F-D489-4D09-AA4E-4C71C5251DF2} = {095F8A7B-24C6-4535-927E-ADCEE8A67650}
		{F913EAE3-EF55-4332-BE88-7B2488939ECA} = {8A3C0934-929E-4F45-9398-EC1198B21CCB}
		{3178534B-9558-47C5-96F2-4A581C589EA0} = {8A3C0934-929E-4F45-9398-EC1198B21CCB}
		{AA6527A5-8CB6-4B12-8A95-548619ECC4E3} = {8A3C0934-929E-4F45-9398-EC1198B21CCB}
		{CE647BA5-9444-40EF-902D-35A0CB20C501} = {F913EAE3-EF55-4332-BE88-7B2488939ECA}
		{E36682EF-80DA-44C9-8594-794FF362FFDE} = {B52CFD3F-D489-4D09-AA4E-4C71C5251DF2}
		{B701A861-CAE5-405A-8DBB-3E14D14E57C2} = {8A3C0934-929E-4F45-9398-EC1198B21CCB}
		{C87AFB22-01AE-4FF9-A824-4F9ECDDF8800} = {5AB55AE4-573F-4354-AC56-726377208AB7}
		{7B77E9B2-62A7-441B-9982-406C10034310} = {5AB55AE4-573F-4354-AC56-726377208AB7}
		{454258EE-1DD3-4CBD-BBD6-E3844B28E0D5} = {5AB55AE4-573F-4354-AC56-726377208AB7}
		{B1BA4C30-14F3-40B8-9373-E252CF28E4E9} = {5AB55AE4-573F-4354-AC56-726377208AB7}
		{4F7E3FA6-342F-4A8C-9FDF-644FECFA221F} = {5AB55AE4-573F-4354-AC56-726377208AB7}
		{73783F7B-065B-4858-94C4-9B81347D57C9} = {5AB55AE4-573F-4354-AC56-726377208AB7}
		{906E45F6-21E0-45D4-BEF5-FDE6EB86D7B5} = {AB68B5C8-B19C-482C-B1CB-A5B56690A691}
	EndGlobalSection
	GlobalSection(ExtensibilityGlobals) = postSolution
		SolutionGuid = {65605281-5AFC-48F1-A1E0-D1648E0CBA35}
	EndGlobalSection
EndGlobal
