
Microsoft Visual Studio Solution File, Format Version 12.00
# Visual Studio Version 17
VisualStudioVersion = 17.11.35327.3
MinimumVisualStudioVersion = 10.0.40219.1
Project("{2150E333-8FDC-42A3-9474-1A3956D46DE8}") = "00 - Documentation", "00 - Documentation", "{8A3C0934-929E-4F45-9398-EC1198B21CCB}"
EndProject
Project("{2150E333-8FDC-42A3-9474-1A3956D46DE8}") = "10 - Infrastructure", "10 - Infrastructure", "{4F34F2C8-1A2D-49D5-81A9-F9569518FB76}"
EndProject
Project("{9A19103F-16F7-4668-BE54-9A1E7A4F7556}") = "ARWNI2S.Infrastructure.Abstractions", "..\NI2S-Node\src\Infrastructure\ARWNI2S.Infrastructure.Abstractions\ARWNI2S.Infrastructure.Abstractions.csproj", "{6B1E9BAD-FBFE-428E-90A6-910A0EF6226E}"
EndProject
Project("{9A19103F-16F7-4668-BE54-9A1E7A4F7556}") = "ARWNI2S.Infrastructure.Collections", "..\NI2S-Node\src\Infrastructure\ARWNI2S.Infrastructure.Collections\ARWNI2S.Infrastructure.Collections.csproj", "{5E6487A4-2A88-4F12-ACE8-542CA90BE1BD}"
EndProject
Project("{9A19103F-16F7-4668-BE54-9A1E7A4F7556}") = "ARWNI2S.Infrastructure.Extensions", "..\NI2S-Node\src\Infrastructure\ARWNI2S.Infrastructure.Extensions\ARWNI2S.Infrastructure.Extensions.csproj", "{5B0024A3-8DC7-4035-8F46-5458AA34832A}"
EndProject
Project("{9A19103F-16F7-4668-BE54-9A1E7A4F7556}") = "ARWNI2S.Infrastructure.Commons", "..\NI2S-Node\src\Infrastructure\ARWNI2S.Infrastructure.Commons\ARWNI2S.Infrastructure.Commons.csproj", "{A1D3988D-8719-42D8-A09B-F4FDAE501ECC}"
EndProject
Project("{9A19103F-16F7-4668-BE54-9A1E7A4F7556}") = "ARWNI2S.Infrastructure", "..\NI2S-Node\src\Infrastructure\ARWNI2S.Infrastructure\ARWNI2S.Infrastructure.csproj", "{17FB3FA6-987F-4FBE-AE91-DB5FFFE6AF8A}"
EndProject
Project("{2150E333-8FDC-42A3-9474-1A3956D46DE8}") = "20 - Node", "20 - Node", "{E1AD8542-F345-46F7-8EFE-BBD1C57A9534}"
EndProject
Project("{9A19103F-16F7-4668-BE54-9A1E7A4F7556}") = "ARWNI2S.Node.Core", "..\NI2S-Node\src\ARWNI2S.Node.Core\ARWNI2S.Node.Core.csproj", "{F8B5841B-00AA-42FB-8B53-FBE629F30B21}"
EndProject
Project("{9A19103F-16F7-4668-BE54-9A1E7A4F7556}") = "ARWNI2S.Node.Data", "..\NI2S-Node\src\ARWNI2S.Node.Data\ARWNI2S.Node.Data.csproj", "{7C086BE8-7B07-4B59-9D97-56F48C343F44}"
EndProject
Project("{9A19103F-16F7-4668-BE54-9A1E7A4F7556}") = "ARWNI2S.Node.Services", "..\NI2S-Node\src\ARWNI2S.Node.Services\ARWNI2S.Node.Services.csproj", "{CA2AC3A5-5CB6-49F0-B971-F9FCEEDE184F}"
EndProject
Project("{9A19103F-16F7-4668-BE54-9A1E7A4F7556}") = "ARWNI2S.Node.Runtime", "..\NI2S-Node\src\ARWNI2S.Node.Runtime\ARWNI2S.Node.Runtime.csproj", "{F601BA2D-B25E-45F6-AFD1-5A4DF372EC63}"
EndProject
Project("{2150E333-8FDC-42A3-9474-1A3956D46DE8}") = "30 - Framework", "30 - Framework", "{59E1708E-4536-4ACD-A131-ED554E2EE796}"
EndProject
Project("{2150E333-8FDC-42A3-9474-1A3956D46DE8}") = "40 - Sdk", "40 - Sdk", "{64862007-F36C-4C06-A61A-ED9AA9D266B3}"
EndProject
Project("{2150E333-8FDC-42A3-9474-1A3956D46DE8}") = "50 - Frontline", "50 - Frontline", "{A39EA694-544A-476E-BDBB-B39CADB80170}"
EndProject
Project("{2150E333-8FDC-42A3-9474-1A3956D46DE8}") = "41-CodeGenration", "41-CodeGenration", "{6ED853A8-5BC0-4186-AFE7-98162473CC2B}"
EndProject
Project("{2150E333-8FDC-42A3-9474-1A3956D46DE8}") = "56-Portal", "56-Portal", "{0E9041A8-1148-4D95-9556-10C0804481C1}"
EndProject
Project("{9A19103F-16F7-4668-BE54-9A1E7A4F7556}") = "ARWNI2S.Portal", "..\Support\ARWNI2S.Portal\ARWNI2S.Portal.csproj", "{77C0A32A-87C8-4A89-9152-04B3D20253EA}"
EndProject
Project("{9A19103F-16F7-4668-BE54-9A1E7A4F7556}") = "ARWNI2S.Portal.Framework", "..\Support\ARWNI2S.Portal.Framework\ARWNI2S.Portal.Framework.csproj", "{7D8EC3E0-DB42-447F-BD94-D55827490C92}"
EndProject
Project("{9A19103F-16F7-4668-BE54-9A1E7A4F7556}") = "ARWNI2S.Framework.Commons", "..\Framework\ARWNI2S.Framework.Commons\ARWNI2S.Framework.Commons.csproj", "{322B3961-E929-462F-AF74-BE71DD3C8EA0}"
EndProject
Project("{2150E333-8FDC-42A3-9474-1A3956D46DE8}") = "31-WorldComposition", "31-WorldComposition", "{79D5826B-A657-4B7B-B170-51389C465D53}"
EndProject
Project("{9A19103F-16F7-4668-BE54-9A1E7A4F7556}") = "ARWNI2S.Framework.World", "..\Framework\GameWorld\ARWNI2S.Framework.World\ARWNI2S.Framework.World.csproj", "{1B69AFCC-0AC1-4E23-9168-6532FFB2BCC7}"
EndProject
Project("{9A19103F-16F7-4668-BE54-9A1E7A4F7556}") = "ARWNI2S.Framework.World.Galaxy", "..\Framework\GameWorld\ARWNI2S.Framework.World.Galaxy\ARWNI2S.Framework.World.Galaxy.csproj", "{BE3556B6-1EE8-41E2-B510-0CA66FC82872}"
EndProject
Project("{9A19103F-16F7-4668-BE54-9A1E7A4F7556}") = "ARWNI2S.Framework.World.Multiverse", "..\Framework\GameWorld\ARWNI2S.Framework.World.Multiverse\ARWNI2S.Framework.World.Multiverse.csproj", "{83EBD549-56F1-40D3-9123-36CE6E43B48E}"
EndProject
Project("{9A19103F-16F7-4668-BE54-9A1E7A4F7556}") = "ARWNI2S.Portal.Services", "..\Support\ARWNI2S.Portal.Services\ARWNI2S.Portal.Services.csproj", "{30415729-3A1E-4843-B7DD-9A469F0FE5C9}"
EndProject
Project("{2150E333-8FDC-42A3-9474-1A3956D46DE8}") = "51-Node", "51-Node", "{76AC4B67-8517-4CB6-B1EE-42D4C8F8FA05}"
EndProject
Project("{9A19103F-16F7-4668-BE54-9A1E7A4F7556}") = "ARWNI2S.Frontline", "..\Frontline\ARWNI2S.Frontline\ARWNI2S.Frontline.csproj", "{136B9366-02A9-4349-876E-65193B33D62B}"
EndProject
Project("{9A19103F-16F7-4668-BE54-9A1E7A4F7556}") = "ARWNI2S.Frontline.Scene", "..\Frontline\ARWNI2S.Frontline.Scene\ARWNI2S.Frontline.Scene.csproj", "{BADF4A9A-01FF-4788-BE6D-00B6304225F5}"
EndProject
Project("{2150E333-8FDC-42A3-9474-1A3956D46DE8}") = "52-Code Generation", "52-Code Generation", "{0482FE9C-77CF-436C-972F-FF991FBF73D3}"
EndProject
Project("{9A19103F-16F7-4668-BE54-9A1E7A4F7556}") = "ARWNI2S.Frontline.CodeGen", "..\Frontline\CodeGeneration\ARWNI2S.Frontline.CodeGen\ARWNI2S.Frontline.CodeGen.csproj", "{32ADBB3F-4CD6-460F-B50C-32375EE2A01F}"
EndProject
Project("{2150E333-8FDC-42A3-9474-1A3956D46DE8}") = "55 -", "55 -", "{FA5743B3-2A4E-4185-A70D-C9DF9636CDE4}"
EndProject
Global
	GlobalSection(SolutionConfigurationPlatforms) = preSolution
		Debug|Any CPU = Debug|Any CPU
		Release|Any CPU = Release|Any CPU
	EndGlobalSection
	GlobalSection(ProjectConfigurationPlatforms) = postSolution
		{6B1E9BAD-FBFE-428E-90A6-910A0EF6226E}.Debug|Any CPU.ActiveCfg = Debug|Any CPU
		{6B1E9BAD-FBFE-428E-90A6-910A0EF6226E}.Debug|Any CPU.Build.0 = Debug|Any CPU
		{6B1E9BAD-FBFE-428E-90A6-910A0EF6226E}.Release|Any CPU.ActiveCfg = Release|Any CPU
		{6B1E9BAD-FBFE-428E-90A6-910A0EF6226E}.Release|Any CPU.Build.0 = Release|Any CPU
		{5E6487A4-2A88-4F12-ACE8-542CA90BE1BD}.Debug|Any CPU.ActiveCfg = Debug|Any CPU
		{5E6487A4-2A88-4F12-ACE8-542CA90BE1BD}.Debug|Any CPU.Build.0 = Debug|Any CPU
		{5E6487A4-2A88-4F12-ACE8-542CA90BE1BD}.Release|Any CPU.ActiveCfg = Release|Any CPU
		{5E6487A4-2A88-4F12-ACE8-542CA90BE1BD}.Release|Any CPU.Build.0 = Release|Any CPU
		{5B0024A3-8DC7-4035-8F46-5458AA34832A}.Debug|Any CPU.ActiveCfg = Debug|Any CPU
		{5B0024A3-8DC7-4035-8F46-5458AA34832A}.Debug|Any CPU.Build.0 = Debug|Any CPU
		{5B0024A3-8DC7-4035-8F46-5458AA34832A}.Release|Any CPU.ActiveCfg = Release|Any CPU
		{5B0024A3-8DC7-4035-8F46-5458AA34832A}.Release|Any CPU.Build.0 = Release|Any CPU
		{A1D3988D-8719-42D8-A09B-F4FDAE501ECC}.Debug|Any CPU.ActiveCfg = Debug|Any CPU
		{A1D3988D-8719-42D8-A09B-F4FDAE501ECC}.Debug|Any CPU.Build.0 = Debug|Any CPU
		{A1D3988D-8719-42D8-A09B-F4FDAE501ECC}.Release|Any CPU.ActiveCfg = Release|Any CPU
		{A1D3988D-8719-42D8-A09B-F4FDAE501ECC}.Release|Any CPU.Build.0 = Release|Any CPU
		{17FB3FA6-987F-4FBE-AE91-DB5FFFE6AF8A}.Debug|Any CPU.ActiveCfg = Debug|Any CPU
		{17FB3FA6-987F-4FBE-AE91-DB5FFFE6AF8A}.Debug|Any CPU.Build.0 = Debug|Any CPU
		{17FB3FA6-987F-4FBE-AE91-DB5FFFE6AF8A}.Release|Any CPU.ActiveCfg = Release|Any CPU
		{17FB3FA6-987F-4FBE-AE91-DB5FFFE6AF8A}.Release|Any CPU.Build.0 = Release|Any CPU
		{F8B5841B-00AA-42FB-8B53-FBE629F30B21}.Debug|Any CPU.ActiveCfg = Debug|Any CPU
		{F8B5841B-00AA-42FB-8B53-FBE629F30B21}.Debug|Any CPU.Build.0 = Debug|Any CPU
		{F8B5841B-00AA-42FB-8B53-FBE629F30B21}.Release|Any CPU.ActiveCfg = Release|Any CPU
		{F8B5841B-00AA-42FB-8B53-FBE629F30B21}.Release|Any CPU.Build.0 = Release|Any CPU
		{7C086BE8-7B07-4B59-9D97-56F48C343F44}.Debug|Any CPU.ActiveCfg = Debug|Any CPU
		{7C086BE8-7B07-4B59-9D97-56F48C343F44}.Debug|Any CPU.Build.0 = Debug|Any CPU
		{7C086BE8-7B07-4B59-9D97-56F48C343F44}.Release|Any CPU.ActiveCfg = Release|Any CPU
		{7C086BE8-7B07-4B59-9D97-56F48C343F44}.Release|Any CPU.Build.0 = Release|Any CPU
		{CA2AC3A5-5CB6-49F0-B971-F9FCEEDE184F}.Debug|Any CPU.ActiveCfg = Debug|Any CPU
		{CA2AC3A5-5CB6-49F0-B971-F9FCEEDE184F}.Debug|Any CPU.Build.0 = Debug|Any CPU
		{CA2AC3A5-5CB6-49F0-B971-F9FCEEDE184F}.Release|Any CPU.ActiveCfg = Release|Any CPU
		{CA2AC3A5-5CB6-49F0-B971-F9FCEEDE184F}.Release|Any CPU.Build.0 = Release|Any CPU
		{F601BA2D-B25E-45F6-AFD1-5A4DF372EC63}.Debug|Any CPU.ActiveCfg = Debug|Any CPU
		{F601BA2D-B25E-45F6-AFD1-5A4DF372EC63}.Debug|Any CPU.Build.0 = Debug|Any CPU
		{F601BA2D-B25E-45F6-AFD1-5A4DF372EC63}.Release|Any CPU.ActiveCfg = Release|Any CPU
		{F601BA2D-B25E-45F6-AFD1-5A4DF372EC63}.Release|Any CPU.Build.0 = Release|Any CPU
		{77C0A32A-87C8-4A89-9152-04B3D20253EA}.Debug|Any CPU.ActiveCfg = Debug|Any CPU
		{77C0A32A-87C8-4A89-9152-04B3D20253EA}.Debug|Any CPU.Build.0 = Debug|Any CPU
		{77C0A32A-87C8-4A89-9152-04B3D20253EA}.Release|Any CPU.ActiveCfg = Release|Any CPU
		{77C0A32A-87C8-4A89-9152-04B3D20253EA}.Release|Any CPU.Build.0 = Release|Any CPU
		{7D8EC3E0-DB42-447F-BD94-D55827490C92}.Debug|Any CPU.ActiveCfg = Debug|Any CPU
		{7D8EC3E0-DB42-447F-BD94-D55827490C92}.Debug|Any CPU.Build.0 = Debug|Any CPU
		{7D8EC3E0-DB42-447F-BD94-D55827490C92}.Release|Any CPU.ActiveCfg = Release|Any CPU
		{7D8EC3E0-DB42-447F-BD94-D55827490C92}.Release|Any CPU.Build.0 = Release|Any CPU
		{322B3961-E929-462F-AF74-BE71DD3C8EA0}.Debug|Any CPU.ActiveCfg = Debug|Any CPU
		{322B3961-E929-462F-AF74-BE71DD3C8EA0}.Debug|Any CPU.Build.0 = Debug|Any CPU
		{322B3961-E929-462F-AF74-BE71DD3C8EA0}.Release|Any CPU.ActiveCfg = Release|Any CPU
		{322B3961-E929-462F-AF74-BE71DD3C8EA0}.Release|Any CPU.Build.0 = Release|Any CPU
		{1B69AFCC-0AC1-4E23-9168-6532FFB2BCC7}.Debug|Any CPU.ActiveCfg = Debug|Any CPU
		{1B69AFCC-0AC1-4E23-9168-6532FFB2BCC7}.Debug|Any CPU.Build.0 = Debug|Any CPU
		{1B69AFCC-0AC1-4E23-9168-6532FFB2BCC7}.Release|Any CPU.ActiveCfg = Release|Any CPU
		{1B69AFCC-0AC1-4E23-9168-6532FFB2BCC7}.Release|Any CPU.Build.0 = Release|Any CPU
		{BE3556B6-1EE8-41E2-B510-0CA66FC82872}.Debug|Any CPU.ActiveCfg = Debug|Any CPU
		{BE3556B6-1EE8-41E2-B510-0CA66FC82872}.Debug|Any CPU.Build.0 = Debug|Any CPU
		{BE3556B6-1EE8-41E2-B510-0CA66FC82872}.Release|Any CPU.ActiveCfg = Release|Any CPU
		{BE3556B6-1EE8-41E2-B510-0CA66FC82872}.Release|Any CPU.Build.0 = Release|Any CPU
		{83EBD549-56F1-40D3-9123-36CE6E43B48E}.Debug|Any CPU.ActiveCfg = Debug|Any CPU
		{83EBD549-56F1-40D3-9123-36CE6E43B48E}.Debug|Any CPU.Build.0 = Debug|Any CPU
		{83EBD549-56F1-40D3-9123-36CE6E43B48E}.Release|Any CPU.ActiveCfg = Release|Any CPU
		{83EBD549-56F1-40D3-9123-36CE6E43B48E}.Release|Any CPU.Build.0 = Release|Any CPU
		{30415729-3A1E-4843-B7DD-9A469F0FE5C9}.Debug|Any CPU.ActiveCfg = Debug|Any CPU
		{30415729-3A1E-4843-B7DD-9A469F0FE5C9}.Debug|Any CPU.Build.0 = Debug|Any CPU
		{30415729-3A1E-4843-B7DD-9A469F0FE5C9}.Release|Any CPU.ActiveCfg = Release|Any CPU
		{30415729-3A1E-4843-B7DD-9A469F0FE5C9}.Release|Any CPU.Build.0 = Release|Any CPU
		{136B9366-02A9-4349-876E-65193B33D62B}.Debug|Any CPU.ActiveCfg = Debug|Any CPU
		{136B9366-02A9-4349-876E-65193B33D62B}.Debug|Any CPU.Build.0 = Debug|Any CPU
		{136B9366-02A9-4349-876E-65193B33D62B}.Release|Any CPU.ActiveCfg = Release|Any CPU
		{136B9366-02A9-4349-876E-65193B33D62B}.Release|Any CPU.Build.0 = Release|Any CPU
		{BADF4A9A-01FF-4788-BE6D-00B6304225F5}.Debug|Any CPU.ActiveCfg = Debug|Any CPU
		{BADF4A9A-01FF-4788-BE6D-00B6304225F5}.Debug|Any CPU.Build.0 = Debug|Any CPU
		{BADF4A9A-01FF-4788-BE6D-00B6304225F5}.Release|Any CPU.ActiveCfg = Release|Any CPU
		{BADF4A9A-01FF-4788-BE6D-00B6304225F5}.Release|Any CPU.Build.0 = Release|Any CPU
		{32ADBB3F-4CD6-460F-B50C-32375EE2A01F}.Debug|Any CPU.ActiveCfg = Debug|Any CPU
		{32ADBB3F-4CD6-460F-B50C-32375EE2A01F}.Debug|Any CPU.Build.0 = Debug|Any CPU
		{32ADBB3F-4CD6-460F-B50C-32375EE2A01F}.Release|Any CPU.ActiveCfg = Release|Any CPU
		{32ADBB3F-4CD6-460F-B50C-32375EE2A01F}.Release|Any CPU.Build.0 = Release|Any CPU
	EndGlobalSection
	GlobalSection(SolutionProperties) = preSolution
		HideSolutionNode = FALSE
	EndGlobalSection
	GlobalSection(NestedProjects) = preSolution
		{6B1E9BAD-FBFE-428E-90A6-910A0EF6226E} = {4F34F2C8-1A2D-49D5-81A9-F9569518FB76}
		{5E6487A4-2A88-4F12-ACE8-542CA90BE1BD} = {4F34F2C8-1A2D-49D5-81A9-F9569518FB76}
		{5B0024A3-8DC7-4035-8F46-5458AA34832A} = {4F34F2C8-1A2D-49D5-81A9-F9569518FB76}
		{A1D3988D-8719-42D8-A09B-F4FDAE501ECC} = {4F34F2C8-1A2D-49D5-81A9-F9569518FB76}
		{17FB3FA6-987F-4FBE-AE91-DB5FFFE6AF8A} = {4F34F2C8-1A2D-49D5-81A9-F9569518FB76}
		{F8B5841B-00AA-42FB-8B53-FBE629F30B21} = {E1AD8542-F345-46F7-8EFE-BBD1C57A9534}
		{7C086BE8-7B07-4B59-9D97-56F48C343F44} = {E1AD8542-F345-46F7-8EFE-BBD1C57A9534}
		{CA2AC3A5-5CB6-49F0-B971-F9FCEEDE184F} = {E1AD8542-F345-46F7-8EFE-BBD1C57A9534}
		{F601BA2D-B25E-45F6-AFD1-5A4DF372EC63} = {E1AD8542-F345-46F7-8EFE-BBD1C57A9534}
		{6ED853A8-5BC0-4186-AFE7-98162473CC2B} = {64862007-F36C-4C06-A61A-ED9AA9D266B3}
		{0E9041A8-1148-4D95-9556-10C0804481C1} = {A39EA694-544A-476E-BDBB-B39CADB80170}
		{77C0A32A-87C8-4A89-9152-04B3D20253EA} = {0E9041A8-1148-4D95-9556-10C0804481C1}
		{7D8EC3E0-DB42-447F-BD94-D55827490C92} = {0E9041A8-1148-4D95-9556-10C0804481C1}
		{322B3961-E929-462F-AF74-BE71DD3C8EA0} = {59E1708E-4536-4ACD-A131-ED554E2EE796}
		{79D5826B-A657-4B7B-B170-51389C465D53} = {59E1708E-4536-4ACD-A131-ED554E2EE796}
		{1B69AFCC-0AC1-4E23-9168-6532FFB2BCC7} = {79D5826B-A657-4B7B-B170-51389C465D53}
		{BE3556B6-1EE8-41E2-B510-0CA66FC82872} = {79D5826B-A657-4B7B-B170-51389C465D53}
		{83EBD549-56F1-40D3-9123-36CE6E43B48E} = {79D5826B-A657-4B7B-B170-51389C465D53}
		{30415729-3A1E-4843-B7DD-9A469F0FE5C9} = {0E9041A8-1148-4D95-9556-10C0804481C1}
		{76AC4B67-8517-4CB6-B1EE-42D4C8F8FA05} = {A39EA694-544A-476E-BDBB-B39CADB80170}
		{136B9366-02A9-4349-876E-65193B33D62B} = {76AC4B67-8517-4CB6-B1EE-42D4C8F8FA05}
		{BADF4A9A-01FF-4788-BE6D-00B6304225F5} = {76AC4B67-8517-4CB6-B1EE-42D4C8F8FA05}
		{0482FE9C-77CF-436C-972F-FF991FBF73D3} = {A39EA694-544A-476E-BDBB-B39CADB80170}
		{32ADBB3F-4CD6-460F-B50C-32375EE2A01F} = {0482FE9C-77CF-436C-972F-FF991FBF73D3}
		{FA5743B3-2A4E-4185-A70D-C9DF9636CDE4} = {A39EA694-544A-476E-BDBB-B39CADB80170}
	EndGlobalSection
	GlobalSection(ExtensibilityGlobals) = postSolution
		SolutionGuid = {65605281-5AFC-48F1-A1E0-D1648E0CBA35}
	EndGlobalSection
EndGlobal
