
Microsoft Visual Studio Solution File, Format Version 12.00
# Visual Studio Version 17
VisualStudioVersion = 17.11.35327.3
MinimumVisualStudioVersion = 10.0.40219.1
Project("{9A19103F-16F7-4668-BE54-9A1E7A4F7556}") = "ARWNI2S.Frontline.TestNode", "..\Cluster\ARWNI2S.Frontline.TestNode\ARWNI2S.Frontline.TestNode.csproj", "{A281984D-AA64-4E39-92A2-FCD3F323E1EF}"
EndProject
Project("{2150E333-8FDC-42A3-9474-1A3956D46DE8}") = "FrontlineCore", "FrontlineCore", "{E14F709A-E243-4763-A1DD-4D09118B8E59}"
EndProject
Project("{9A19103F-16F7-4668-BE54-9A1E7A4F7556}") = "ARWNI2S.Frontline", "..\Frontline\ARWNI2S.Frontline\ARWNI2S.Frontline.csproj", "{E144CB3A-8C94-4A2A-949C-E02544E71600}"
EndProject
Project("{9A19103F-16F7-4668-BE54-9A1E7A4F7556}") = "ARWNI2S.Frontline.CodeGen", "..\Frontline\CodeGeneration\ARWNI2S.Frontline.CodeGen\ARWNI2S.Frontline.CodeGen.csproj", "{C638F0A2-CB0B-450B-8C05-802DCE2C902C}"
EndProject
Project("{2150E333-8FDC-42A3-9474-1A3956D46DE8}") = "CodeGeneration", "CodeGeneration", "{8B82F9BB-9EE1-492E-AFAA-5F3316257ABB}"
EndProject
Project("{9A19103F-16F7-4668-BE54-9A1E7A4F7556}") = "ARWNI2S.Frontline.Scene", "..\Frontline\ARWNI2S.Frontline.Scene\ARWNI2S.Frontline.Scene.csproj", "{F7999770-4E33-46FE-B9C0-F1626BD78FB3}"
EndProject
Project("{2150E333-8FDC-42A3-9474-1A3956D46DE8}") = "External", "External", "{8031A224-894A-4B17-9E82-9C3D8003E133}"
EndProject
Project("{9A19103F-16F7-4668-BE54-9A1E7A4F7556}") = "ARWNI2S.Node.Runtime", "..\NI2S-Node\src\ARWNI2S.Node.Runtime\ARWNI2S.Node.Runtime.csproj", "{CFDAF9D1-EC6F-4806-8DA1-4C076B8E9FDA}"
EndProject
Global
	GlobalSection(SolutionConfigurationPlatforms) = preSolution
		Debug|Any CPU = Debug|Any CPU
		Release|Any CPU = Release|Any CPU
	EndGlobalSection
	GlobalSection(ProjectConfigurationPlatforms) = postSolution
		{A281984D-AA64-4E39-92A2-FCD3F323E1EF}.Debug|Any CPU.ActiveCfg = Debug|Any CPU
		{A281984D-AA64-4E39-92A2-FCD3F323E1EF}.Debug|Any CPU.Build.0 = Debug|Any CPU
		{A281984D-AA64-4E39-92A2-FCD3F323E1EF}.Release|Any CPU.ActiveCfg = Release|Any CPU
		{A281984D-AA64-4E39-92A2-FCD3F323E1EF}.Release|Any CPU.Build.0 = Release|Any CPU
		{E144CB3A-8C94-4A2A-949C-E02544E71600}.Debug|Any CPU.ActiveCfg = Debug|Any CPU
		{E144CB3A-8C94-4A2A-949C-E02544E71600}.Debug|Any CPU.Build.0 = Debug|Any CPU
		{E144CB3A-8C94-4A2A-949C-E02544E71600}.Release|Any CPU.ActiveCfg = Release|Any CPU
		{E144CB3A-8C94-4A2A-949C-E02544E71600}.Release|Any CPU.Build.0 = Release|Any CPU
		{C638F0A2-CB0B-450B-8C05-802DCE2C902C}.Debug|Any CPU.ActiveCfg = Debug|Any CPU
		{C638F0A2-CB0B-450B-8C05-802DCE2C902C}.Debug|Any CPU.Build.0 = Debug|Any CPU
		{C638F0A2-CB0B-450B-8C05-802DCE2C902C}.Release|Any CPU.ActiveCfg = Release|Any CPU
		{C638F0A2-CB0B-450B-8C05-802DCE2C902C}.Release|Any CPU.Build.0 = Release|Any CPU
		{F7999770-4E33-46FE-B9C0-F1626BD78FB3}.Debug|Any CPU.ActiveCfg = Debug|Any CPU
		{F7999770-4E33-46FE-B9C0-F1626BD78FB3}.Debug|Any CPU.Build.0 = Debug|Any CPU
		{F7999770-4E33-46FE-B9C0-F1626BD78FB3}.Release|Any CPU.ActiveCfg = Release|Any CPU
		{F7999770-4E33-46FE-B9C0-F1626BD78FB3}.Release|Any CPU.Build.0 = Release|Any CPU
		{CFDAF9D1-EC6F-4806-8DA1-4C076B8E9FDA}.Debug|Any CPU.ActiveCfg = Debug|Any CPU
		{CFDAF9D1-EC6F-4806-8DA1-4C076B8E9FDA}.Debug|Any CPU.Build.0 = Debug|Any CPU
		{CFDAF9D1-EC6F-4806-8DA1-4C076B8E9FDA}.Release|Any CPU.ActiveCfg = Release|Any CPU
		{CFDAF9D1-EC6F-4806-8DA1-4C076B8E9FDA}.Release|Any CPU.Build.0 = Release|Any CPU
	EndGlobalSection
	GlobalSection(SolutionProperties) = preSolution
		HideSolutionNode = FALSE
	EndGlobalSection
	GlobalSection(NestedProjects) = preSolution
		{E144CB3A-8C94-4A2A-949C-E02544E71600} = {E14F709A-E243-4763-A1DD-4D09118B8E59}
		{C638F0A2-CB0B-450B-8C05-802DCE2C902C} = {8B82F9BB-9EE1-492E-AFAA-5F3316257ABB}
		{F7999770-4E33-46FE-B9C0-F1626BD78FB3} = {E14F709A-E243-4763-A1DD-4D09118B8E59}
		{CFDAF9D1-EC6F-4806-8DA1-4C076B8E9FDA} = {8031A224-894A-4B17-9E82-9C3D8003E133}
	EndGlobalSection
	GlobalSection(ExtensibilityGlobals) = postSolution
		SolutionGuid = {444B9B4E-3CCE-4C06-850C-F52CAC20E633}
	EndGlobalSection
EndGlobal
